{
	"name": "@zantarix/setup-cursus",
	"version": "0.0.0",
	"lockfileVersion": 3,
	"requires": true,
	"packages": {
		"": {
			"name": "@zantarix/setup-cursus",
			"version": "0.0.0",
			"bundleDependencies": [
				"smol-toml"
			],
			"license": "MPL-2.0",
			"dependencies": {
				"smol-toml": "1.8.0"
			}
		},
		"node_modules/smol-toml": {
			"version": "1.8.0",
			"resolved": "https://registry.npmjs.org/smol-toml/-/smol-toml-1.8.0.tgz",
			"integrity": "sha512-kCZr2V3ch9i00x8zXRhjUNVcjG9ijES5dDudkXvUVCT5QlJNQWElSJdZqyPemffHoLNUYwOcou0Fy+ojN0uHSQ==",
			"inBundle": true,
			"license": "BSD-3-Clause",
			"engines": {
				"node": ">= 18"
			},
			"funding": {
				"url": "https://github.com/sponsors/cyyynthia"
			}
		}
	}
}
