{
	"name": "@zantarix/setup-cursus",
	"version": "1.0.0",
	"lockfileVersion": 3,
	"requires": true,
	"packages": {
		"": {
			"name": "@zantarix/setup-cursus",
			"version": "1.0.0",
			"bundleDependencies": [
				"smol-toml"
			],
			"license": "MPL-2.0",
			"dependencies": {
				"smol-toml": "1.6.1"
			}
		},
		"node_modules/smol-toml": {
			"version": "1.6.1",
			"resolved": "https://registry.npmjs.org/smol-toml/-/smol-toml-1.6.1.tgz",
			"integrity": "sha512-dWUG8F5sIIARXih1DTaQAX4SsiTXhInKf1buxdY9DIg4ZYPZK5nGM1VRIYmEbDbsHt7USo99xSLFu5Q1IqTmsg==",
			"inBundle": true,
			"license": "BSD-3-Clause",
			"engines": {
				"node": ">= 18"
			},
			"funding": {
				"url": "https://github.com/sponsors/cyyynthia"
			}
		}
	}
}
